
Microsoft Visual Studio Solution File, Format Version 12.00
# Visual Studio Version 16
VisualStudioVersion = 16.0.29806.167
MinimumVisualStudioVersion = 10.0.40219.1
Project("{FAE04EC0-301F-11D3-BF4B-00C04F79EFBC}") = "ConsoleApp4", "ConsoleApp4\ConsoleApp4.csproj", "{20E43E4E-997B-44F1-81A3-6AAA98B61E6B}"
EndProject
Project("{FAE04EC0-301F-11D3-BF4B-00C04F79EFBC}") = "ConsoleApp3", "..\ConsoleApp3\ConsoleApp3\ConsoleApp3.csproj", "{EAEE8E14-8C61-477B-8195-A83A616E85C3}"
EndProject
Project("{FAE04EC0-301F-11D3-BF4B-00C04F79EFBC}") = "ConsoleApp1", "ConsoleApp1\ConsoleApp1.csproj", "{9C06756E-49C5-460E-AC6D-B65418508F75}"
EndProject
Global
	GlobalSection(SolutionConfigurationPlatforms) = preSolution
		Debug|Any CPU = Debug|Any CPU
		Release|Any CPU = Release|Any CPU
	EndGlobalSection
	GlobalSection(ProjectConfigurationPlatforms) = postSolution
		{20E43E4E-997B-44F1-81A3-6AAA98B61E6B}.Debug|Any CPU.ActiveCfg = Debug|Any CPU
		{20E43E4E-997B-44F1-81A3-6AAA98B61E6B}.Debug|Any CPU.Build.0 = Debug|Any CPU
		{20E43E4E-997B-44F1-81A3-6AAA98B61E6B}.Release|Any CPU.ActiveCfg = Release|Any CPU
		{20E43E4E-997B-44F1-81A3-6AAA98B61E6B}.Release|Any CPU.Build.0 = Release|Any CPU
		{EAEE8E14-8C61-477B-8195-A83A616E85C3}.Debug|Any CPU.ActiveCfg = Debug|Any CPU
		{EAEE8E14-8C61-477B-8195-A83A616E85C3}.Debug|Any CPU.Build.0 = Debug|Any CPU
		{EAEE8E14-8C61-477B-8195-A83A616E85C3}.Release|Any CPU.ActiveCfg = Release|Any CPU
		{EAEE8E14-8C61-477B-8195-A83A616E85C3}.Release|Any CPU.Build.0 = Release|Any CPU
		{9C06756E-49C5-460E-AC6D-B65418508F75}.Debug|Any CPU.ActiveCfg = Debug|Any CPU
		{9C06756E-49C5-460E-AC6D-B65418508F75}.Debug|Any CPU.Build.0 = Debug|Any CPU
		{9C06756E-49C5-460E-AC6D-B65418508F75}.Release|Any CPU.ActiveCfg = Release|Any CPU
		{9C06756E-49C5-460E-AC6D-B65418508F75}.Release|Any CPU.Build.0 = Release|Any CPU
	EndGlobalSection
	GlobalSection(SolutionProperties) = preSolution
		HideSolutionNode = FALSE
	EndGlobalSection
	GlobalSection(ExtensibilityGlobals) = postSolution
		SolutionGuid = {0E05D621-264D-4EF5-AD74-058FBFA68380}
	EndGlobalSection
EndGlobal
